
Microsoft Visual Studio Solution File, Format Version 12.00
# Visual Studio Version 17
VisualStudioVersion = 17.4.33213.308
MinimumVisualStudioVersion = 10.0.40219.1
Project("{FAE04EC0-301F-11D3-BF4B-00C04F79EFBC}") = "sqlapp", "sqlapp\sqlapp.csproj", "{02A026B8-FBE3-491B-B08B-B08C1696A877}"
EndProject
Global
	GlobalSection(SolutionConfigurationPlatforms) = preSolution
		Debug|Any CPU = Debug|Any CPU
		Release|Any CPU = Release|Any CPU
	EndGlobalSection
	GlobalSection(ProjectConfigurationPlatforms) = postSolution
		{02A026B8-FBE3-491B-B08B-B08C1696A877}.Debug|Any CPU.ActiveCfg = Debug|Any CPU
		{02A026B8-FBE3-491B-B08B-B08C1696A877}.Debug|Any CPU.Build.0 = Debug|Any CPU
		{02A026B8-FBE3-491B-B08B-B08C1696A877}.Release|Any CPU.ActiveCfg = Release|Any CPU
		{02A026B8-FBE3-491B-B08B-B08C1696A877}.Release|Any CPU.Build.0 = Release|Any CPU
	EndGlobalSection
	GlobalSection(SolutionProperties) = preSolution
		HideSolutionNode = FALSE
	EndGlobalSection
	GlobalSection(ExtensibilityGlobals) = postSolution
		SolutionGuid = {B0D5CC33-3F4C-4D57-8CB3-C643F5575740}
	EndGlobalSection
EndGlobal
